
Microsoft Visual Studio Solution File, Format Version 12.00
# Visual Studio Version 17
VisualStudioVersion = 17.13.35825.156
MinimumVisualStudioVersion = 10.0.40219.1
Project("{FAE04EC0-301F-11D3-BF4B-00C04F79EFBC}") = "Contacts", "Contacts.csproj", "{5335830B-5EAE-4D0B-8CA4-E0AD57C970B0}"
EndProject
Project("{FAE04EC0-301F-11D3-BF4B-00C04F79EFBC}") = "BL", "..\BL\BL.csproj", "{E906D6D2-78A2-4AAA-A7FE-432D9B6B2AF7}"
EndProject
Project("{FAE04EC0-301F-11D3-BF4B-00C04F79EFBC}") = "DAL", "..\DAL\DAL.csproj", "{A00C8BE7-B7A3-4130-BB54-24E728655B24}"
EndProject
Project("{FAE04EC0-301F-11D3-BF4B-00C04F79EFBC}") = "Contracts", "..\Contracts\Contracts.csproj", "{363D01F8-2FF4-491E-9545-D1E64745A7D6}"
EndProject
Project("{FAE04EC0-301F-11D3-BF4B-00C04F79EFBC}") = "Models", "..\Models\Models.csproj", "{F8F11939-2995-410B-AF6D-285F65FD29B5}"
EndProject
Project("{2150E333-8FDC-42A3-9474-1A3956D46DE8}") = "Entities", "Entities", "{02EA681E-C7D8-13C7-8484-4AC65E1B71E8}"
EndProject
Project("{2150E333-8FDC-42A3-9474-1A3956D46DE8}") = "Logic", "Logic", "{13756441-EC4C-4796-9DAA-D1AAC1E11374}"
EndProject
Project("{2150E333-8FDC-42A3-9474-1A3956D46DE8}") = "Tests", "Tests", "{17DFC31A-FE00-4871-A5D8-9A901AE09310}"
EndProject
Project("{FAE04EC0-301F-11D3-BF4B-00C04F79EFBC}") = "UnitTests", "..\UnitTests\UnitTests.csproj", "{7C78B6AA-D3F9-4A8F-B56F-D2A373F613F8}"
EndProject
Project("{2150E333-8FDC-42A3-9474-1A3956D46DE8}") = "Solution Items", "Solution Items", "{8EC462FD-D22E-90A8-E5CE-7E832BA40C5D}"
EndProject
Project("{2150E333-8FDC-42A3-9474-1A3956D46DE8}") = "Host", "Host", "{F77AC624-E930-4847-BA65-A56C2553D7CF}"
EndProject
Global
	GlobalSection(SolutionConfigurationPlatforms) = preSolution
		Debug|Any CPU = Debug|Any CPU
		Release|Any CPU = Release|Any CPU
	EndGlobalSection
	GlobalSection(ProjectConfigurationPlatforms) = postSolution
		{5335830B-5EAE-4D0B-8CA4-E0AD57C970B0}.Debug|Any CPU.ActiveCfg = Debug|Any CPU
		{5335830B-5EAE-4D0B-8CA4-E0AD57C970B0}.Debug|Any CPU.Build.0 = Debug|Any CPU
		{5335830B-5EAE-4D0B-8CA4-E0AD57C970B0}.Release|Any CPU.ActiveCfg = Release|Any CPU
		{5335830B-5EAE-4D0B-8CA4-E0AD57C970B0}.Release|Any CPU.Build.0 = Release|Any CPU
		{E906D6D2-78A2-4AAA-A7FE-432D9B6B2AF7}.Debug|Any CPU.ActiveCfg = Debug|Any CPU
		{E906D6D2-78A2-4AAA-A7FE-432D9B6B2AF7}.Debug|Any CPU.Build.0 = Debug|Any CPU
		{E906D6D2-78A2-4AAA-A7FE-432D9B6B2AF7}.Release|Any CPU.ActiveCfg = Release|Any CPU
		{E906D6D2-78A2-4AAA-A7FE-432D9B6B2AF7}.Release|Any CPU.Build.0 = Release|Any CPU
		{A00C8BE7-B7A3-4130-BB54-24E728655B24}.Debug|Any CPU.ActiveCfg = Debug|Any CPU
		{A00C8BE7-B7A3-4130-BB54-24E728655B24}.Debug|Any CPU.Build.0 = Debug|Any CPU
		{A00C8BE7-B7A3-4130-BB54-24E728655B24}.Release|Any CPU.ActiveCfg = Release|Any CPU
		{A00C8BE7-B7A3-4130-BB54-24E728655B24}.Release|Any CPU.Build.0 = Release|Any CPU
		{363D01F8-2FF4-491E-9545-D1E64745A7D6}.Debug|Any CPU.ActiveCfg = Debug|Any CPU
		{363D01F8-2FF4-491E-9545-D1E64745A7D6}.Debug|Any CPU.Build.0 = Debug|Any CPU
		{363D01F8-2FF4-491E-9545-D1E64745A7D6}.Release|Any CPU.ActiveCfg = Release|Any CPU
		{363D01F8-2FF4-491E-9545-D1E64745A7D6}.Release|Any CPU.Build.0 = Release|Any CPU
		{F8F11939-2995-410B-AF6D-285F65FD29B5}.Debug|Any CPU.ActiveCfg = Debug|Any CPU
		{F8F11939-2995-410B-AF6D-285F65FD29B5}.Debug|Any CPU.Build.0 = Debug|Any CPU
		{F8F11939-2995-410B-AF6D-285F65FD29B5}.Release|Any CPU.ActiveCfg = Release|Any CPU
		{F8F11939-2995-410B-AF6D-285F65FD29B5}.Release|Any CPU.Build.0 = Release|Any CPU
		{7C78B6AA-D3F9-4A8F-B56F-D2A373F613F8}.Debug|Any CPU.ActiveCfg = Debug|Any CPU
		{7C78B6AA-D3F9-4A8F-B56F-D2A373F613F8}.Debug|Any CPU.Build.0 = Debug|Any CPU
		{7C78B6AA-D3F9-4A8F-B56F-D2A373F613F8}.Release|Any CPU.ActiveCfg = Release|Any CPU
		{7C78B6AA-D3F9-4A8F-B56F-D2A373F613F8}.Release|Any CPU.Build.0 = Release|Any CPU
	EndGlobalSection
	GlobalSection(SolutionProperties) = preSolution
		HideSolutionNode = FALSE
	EndGlobalSection
	GlobalSection(NestedProjects) = preSolution
		{5335830B-5EAE-4D0B-8CA4-E0AD57C970B0} = {F77AC624-E930-4847-BA65-A56C2553D7CF}
		{E906D6D2-78A2-4AAA-A7FE-432D9B6B2AF7} = {13756441-EC4C-4796-9DAA-D1AAC1E11374}
		{A00C8BE7-B7A3-4130-BB54-24E728655B24} = {13756441-EC4C-4796-9DAA-D1AAC1E11374}
		{363D01F8-2FF4-491E-9545-D1E64745A7D6} = {02EA681E-C7D8-13C7-8484-4AC65E1B71E8}
		{F8F11939-2995-410B-AF6D-285F65FD29B5} = {02EA681E-C7D8-13C7-8484-4AC65E1B71E8}
		{7C78B6AA-D3F9-4A8F-B56F-D2A373F613F8} = {17DFC31A-FE00-4871-A5D8-9A901AE09310}
	EndGlobalSection
	GlobalSection(ExtensibilityGlobals) = postSolution
		SolutionGuid = {221608F5-F0F5-444E-95B7-EEDCA692FFAB}
	EndGlobalSection
EndGlobal
